
Microsoft Visual Studio Solution File, Format Version 12.00
# Visual Studio Version 16
VisualStudioVersion = 16.0.29806.167
MinimumVisualStudioVersion = 10.0.40219.1
Project("{FAE04EC0-301F-11D3-BF4B-00C04F79EFBC}") = "HouseOfCode.Web", "HouseOfCode.Web\HouseOfCode.Web.csproj", "{A81DF075-878F-4290-9727-B702B9998A03}"
EndProject
Global
	GlobalSection(SolutionConfigurationPlatforms) = preSolution
		Debug|Any CPU = Debug|Any CPU
		Release|Any CPU = Release|Any CPU
	EndGlobalSection
	GlobalSection(ProjectConfigurationPlatforms) = postSolution
		{A81DF075-878F-4290-9727-B702B9998A03}.Debug|Any CPU.ActiveCfg = Debug|Any CPU
		{A81DF075-878F-4290-9727-B702B9998A03}.Debug|Any CPU.Build.0 = Debug|Any CPU
		{A81DF075-878F-4290-9727-B702B9998A03}.Release|Any CPU.ActiveCfg = Release|Any CPU
		{A81DF075-878F-4290-9727-B702B9998A03}.Release|Any CPU.Build.0 = Release|Any CPU
	EndGlobalSection
	GlobalSection(SolutionProperties) = preSolution
		HideSolutionNode = FALSE
	EndGlobalSection
	GlobalSection(ExtensibilityGlobals) = postSolution
		SolutionGuid = {B3DF9829-ECFF-42B0-8800-91D34EF99AEF}
	EndGlobalSection
EndGlobal
